
Microsoft Visual Studio Solution File, Format Version 12.00
# Visual Studio 15
VisualStudioVersion = 15.0.28307.271
MinimumVisualStudioVersion = 10.0.40219.1
Project("{E24C65DC-7377-472B-9ABA-BC803B73C61A}") = "serverSide", "serverSide\", "{27717365-62F3-4917-864E-DF8F3A4AEFA9}"
	ProjectSection(WebsiteProperties) = preProject
		TargetFrameworkMoniker = ".NETFramework,Version%3Dv4.6.1"
		Debug.AspNetCompiler.VirtualPath = "/localhost_52512"
		Debug.AspNetCompiler.PhysicalPath = "serverSide\"
		Debug.AspNetCompiler.TargetPath = "PrecompiledWeb\localhost_52512\"
		Debug.AspNetCompiler.Updateable = "true"
		Debug.AspNetCompiler.ForceOverwrite = "true"
		Debug.AspNetCompiler.FixedNames = "false"
		Debug.AspNetCompiler.Debug = "True"
		Release.AspNetCompiler.VirtualPath = "/localhost_52512"
		Release.AspNetCompiler.PhysicalPath = "serverSide\"
		Release.AspNetCompiler.TargetPath = "PrecompiledWeb\localhost_52512\"
		Release.AspNetCompiler.Updateable = "true"
		Release.AspNetCompiler.ForceOverwrite = "true"
		Release.AspNetCompiler.FixedNames = "false"
		Release.AspNetCompiler.Debug = "False"
		VWDPort = "52512"
		SlnRelativePath = "serverSide\"
		DefaultWebSiteLanguage = "Visual C#"
	EndProjectSection
EndProject
Global
	GlobalSection(SolutionConfigurationPlatforms) = preSolution
		Debug|Any CPU = Debug|Any CPU
	EndGlobalSection
	GlobalSection(ProjectConfigurationPlatforms) = postSolution
		{27717365-62F3-4917-864E-DF8F3A4AEFA9}.Debug|Any CPU.ActiveCfg = Debug|Any CPU
		{27717365-62F3-4917-864E-DF8F3A4AEFA9}.Debug|Any CPU.Build.0 = Debug|Any CPU
	EndGlobalSection
	GlobalSection(SolutionProperties) = preSolution
		HideSolutionNode = FALSE
	EndGlobalSection
	GlobalSection(ExtensibilityGlobals) = postSolution
		SolutionGuid = {DFA709A9-10CA-4493-BE06-78235B62EC9D}
	EndGlobalSection
EndGlobal
